// !$*UTF8*$!
{
	archiveVersion = 1;
	classes = {
	};
	objectVersion = 46;
	objects = {

/* Begin PBXBuildFile section */
		ACD0C0BC1F18175800408653 /* Constants.swift in Sources */ = {isa = PBXBuildFile; fileRef = ACD0C0BB1F18175800408653 /* Constants.swift */; };
		ACD0C0BE1F18E53E00408653 /* FacebookImageView.swift in Sources */ = {isa = PBXBuildFile; fileRef = ACD0C0BD1F18E53E00408653 /* FacebookImageView.swift */; };
		ACD0C0C01F1CE7C100408653 /* CustomTextField.swift in Sources */ = {isa = PBXBuildFile; fileRef = ACD0C0BF1F1CE7C100408653 /* CustomTextField.swift */; };
		ACD0C0C21F1CEA0000408653 /* CustomSignIn.swift in Sources */ = {isa = PBXBuildFile; fileRef = ACD0C0C11F1CEA0000408653 /* CustomSignIn.swift */; };
		ACD0C0C81F1F947E00408653 /* FeedVC.swift in Sources */ = {isa = PBXBuildFile; fileRef = ACD0C0C71F1F947E00408653 /* FeedVC.swift */; };
		ACD0C0CC1F1FB2D500408653 /* ResetPasswordVC.swift in Sources */ = {isa = PBXBuildFile; fileRef = ACD0C0CB1F1FB2D500408653 /* ResetPasswordVC.swift */; };
		ACD0C0CE1F1FE1F800408653 /* FancyNavBar.swift in Sources */ = {isa = PBXBuildFile; fileRef = ACD0C0CD1F1FE1F800408653 /* FancyNavBar.swift */; };
		ACD0C0D01F20D7D100408653 /* CircleImageView.swift in Sources */ = {isa = PBXBuildFile; fileRef = ACD0C0CF1F20D7D100408653 /* CircleImageView.swift */; };
		ACD0C0D21F20FD7600408653 /* PostCell.swift in Sources */ = {isa = PBXBuildFile; fileRef = ACD0C0D11F20FD7600408653 /* PostCell.swift */; };
		ACD0C0D51F21512500408653 /* DataService.swift in Sources */ = {isa = PBXBuildFile; fileRef = ACD0C0D41F21512500408653 /* DataService.swift */; };
		ACE067531F168928007FDC15 /* AppDelegate.swift in Sources */ = {isa = PBXBuildFile; fileRef = ACE067521F168928007FDC15 /* AppDelegate.swift */; };
		ACE067551F168928007FDC15 /* SignInVC.swift in Sources */ = {isa = PBXBuildFile; fileRef = ACE067541F168928007FDC15 /* SignInVC.swift */; };
		ACE067581F168928007FDC15 /* Main.storyboard in Resources */ = {isa = PBXBuildFile; fileRef = ACE067561F168928007FDC15 /* Main.storyboard */; };
		ACE0675A1F168928007FDC15 /* Assets.xcassets in Resources */ = {isa = PBXBuildFile; fileRef = ACE067591F168928007FDC15 /* Assets.xcassets */; };
		ACE0675D1F168928007FDC15 /* LaunchScreen.storyboard in Resources */ = {isa = PBXBuildFile; fileRef = ACE0675B1F168928007FDC15 /* LaunchScreen.storyboard */; };
		ACE067651F16898E007FDC15 /* GoogleService-Info.plist in Resources */ = {isa = PBXBuildFile; fileRef = ACE067641F16898E007FDC15 /* GoogleService-Info.plist */; };
		ACE0676B1F17E175007FDC15 /* Florentia-Regular.ttf in Resources */ = {isa = PBXBuildFile; fileRef = ACE0676A1F17E175007FDC15 /* Florentia-Regular.ttf */; };
		ACE0676D1F17E189007FDC15 /* Florentia-Black.ttf in Resources */ = {isa = PBXBuildFile; fileRef = ACE0676C1F17E189007FDC15 /* Florentia-Black.ttf */; };
		ACE0676F1F17E1D5007FDC15 /* Florentia-Medium.ttf in Resources */ = {isa = PBXBuildFile; fileRef = ACE0676E1F17E1D5007FDC15 /* Florentia-Medium.ttf */; };
		ACE067711F18001D007FDC15 /* CircleButton.swift in Sources */ = {isa = PBXBuildFile; fileRef = ACE067701F18001D007FDC15 /* CircleButton.swift */; };
		ACE067731F180EEC007FDC15 /* TopView.swift in Sources */ = {isa = PBXBuildFile; fileRef = ACE067721F180EEC007FDC15 /* TopView.swift */; };
		F5DC54553144F9E0B93699CB /* Pods_SampleSocial.framework in Frameworks */ = {isa = PBXBuildFile; fileRef = E547664C491B526615A00E2B /* Pods_SampleSocial.framework */; };
/* End PBXBuildFile section */

/* Begin PBXFileReference section */
		73A60E6B91CB24D0217A643E /* Pods-SampleSocial.release.xcconfig */ = {isa = PBXFileReference; includeInIndex = 1; lastKnownFileType = text.xcconfig; name = "Pods-SampleSocial.release.xcconfig"; path = "Pods/Target Support Files/Pods-SampleSocial/Pods-SampleSocial.release.xcconfig"; sourceTree = "<group>"; };
		ACD0C0BB1F18175800408653 /* Constants.swift */ = {isa = PBXFileReference; fileEncoding = 4; lastKnownFileType = sourcecode.swift; path = Constants.swift; sourceTree = "<group>"; };
		ACD0C0BD1F18E53E00408653 /* FacebookImageView.swift */ = {isa = PBXFileReference; fileEncoding = 4; lastKnownFileType = sourcecode.swift; path = FacebookImageView.swift; sourceTree = "<group>"; };
		ACD0C0BF1F1CE7C100408653 /* CustomTextField.swift */ = {isa = PBXFileReference; fileEncoding = 4; lastKnownFileType = sourcecode.swift; path = CustomTextField.swift; sourceTree = "<group>"; };
		ACD0C0C11F1CEA0000408653 /* CustomSignIn.swift */ = {isa = PBXFileReference; fileEncoding = 4; lastKnownFileType = sourcecode.swift; path = CustomSignIn.swift; sourceTree = "<group>"; };
		ACD0C0C61F1D556B00408653 /* SampleSocial.entitlements */ = {isa = PBXFileReference; lastKnownFileType = text.plist.entitlements; path = SampleSocial.entitlements; sourceTree = "<group>"; };
		ACD0C0C71F1F947E00408653 /* FeedVC.swift */ = {isa = PBXFileReference; fileEncoding = 4; lastKnownFileType = sourcecode.swift; path = FeedVC.swift; sourceTree = "<group>"; };
		ACD0C0CB1F1FB2D500408653 /* ResetPasswordVC.swift */ = {isa = PBXFileReference; fileEncoding = 4; lastKnownFileType = sourcecode.swift; path = ResetPasswordVC.swift; sourceTree = "<group>"; };
		ACD0C0CD1F1FE1F800408653 /* FancyNavBar.swift */ = {isa = PBXFileReference; fileEncoding = 4; lastKnownFileType = sourcecode.swift; path = FancyNavBar.swift; sourceTree = "<group>"; };
		ACD0C0CF1F20D7D100408653 /* CircleImageView.swift */ = {isa = PBXFileReference; fileEncoding = 4; lastKnownFileType = sourcecode.swift; path = CircleImageView.swift; sourceTree = "<group>"; };
		ACD0C0D11F20FD7600408653 /* PostCell.swift */ = {isa = PBXFileReference; fileEncoding = 4; lastKnownFileType = sourcecode.swift; path = PostCell.swift; sourceTree = "<group>"; };
		ACD0C0D41F21512500408653 /* DataService.swift */ = {isa = PBXFileReference; fileEncoding = 4; lastKnownFileType = sourcecode.swift; path = DataService.swift; sourceTree = "<group>"; };
		ACE0674F1F168928007FDC15 /* SampleSocial.app */ = {isa = PBXFileReference; explicitFileType = wrapper.application; includeInIndex = 0; path = SampleSocial.app; sourceTree = BUILT_PRODUCTS_DIR; };
		ACE067521F168928007FDC15 /* AppDelegate.swift */ = {isa = PBXFileReference; lastKnownFileType = sourcecode.swift; path = AppDelegate.swift; sourceTree = "<group>"; };
		ACE067541F168928007FDC15 /* SignInVC.swift */ = {isa = PBXFileReference; lastKnownFileType = sourcecode.swift; path = SignInVC.swift; sourceTree = "<group>"; };
		ACE067571F168928007FDC15 /* Base */ = {isa = PBXFileReference; lastKnownFileType = file.storyboard; name = Base; path = Base.lproj/Main.storyboard; sourceTree = "<group>"; };
		ACE067591F168928007FDC15 /* Assets.xcassets */ = {isa = PBXFileReference; lastKnownFileType = folder.assetcatalog; path = Assets.xcassets; sourceTree = "<group>"; };
		ACE0675C1F168928007FDC15 /* Base */ = {isa = PBXFileReference; lastKnownFileType = file.storyboard; name = Base; path = Base.lproj/LaunchScreen.storyboard; sourceTree = "<group>"; };
		ACE0675E1F168928007FDC15 /* Info.plist */ = {isa = PBXFileReference; lastKnownFileType = text.plist.xml; path = Info.plist; sourceTree = "<group>"; };
		ACE067641F16898E007FDC15 /* GoogleService-Info.plist */ = {isa = PBXFileReference; fileEncoding = 4; lastKnownFileType = text.plist.xml; path = "GoogleService-Info.plist"; sourceTree = "<group>"; };
		ACE0676A1F17E175007FDC15 /* Florentia-Regular.ttf */ = {isa = PBXFileReference; lastKnownFileType = file; path = "Florentia-Regular.ttf"; sourceTree = "<group>"; };
		ACE0676C1F17E189007FDC15 /* Florentia-Black.ttf */ = {isa = PBXFileReference; lastKnownFileType = file; path = "Florentia-Black.ttf"; sourceTree = "<group>"; };
		ACE0676E1F17E1D5007FDC15 /* Florentia-Medium.ttf */ = {isa = PBXFileReference; lastKnownFileType = file; path = "Florentia-Medium.ttf"; sourceTree = "<group>"; };
		ACE067701F18001D007FDC15 /* CircleButton.swift */ = {isa = PBXFileReference; fileEncoding = 4; lastKnownFileType = sourcecode.swift; path = CircleButton.swift; sourceTree = "<group>"; };
		ACE067721F180EEC007FDC15 /* TopView.swift */ = {isa = PBXFileReference; fileEncoding = 4; lastKnownFileType = sourcecode.swift; path = TopView.swift; sourceTree = "<group>"; };
		C83F138302B0D1AA5F528459 /* Pods-SampleSocial.debug.xcconfig */ = {isa = PBXFileReference; includeInIndex = 1; lastKnownFileType = text.xcconfig; name = "Pods-SampleSocial.debug.xcconfig"; path = "Pods/Target Support Files/Pods-SampleSocial/Pods-SampleSocial.debug.xcconfig"; sourceTree = "<group>"; };
		E547664C491B526615A00E2B /* Pods_SampleSocial.framework */ = {isa = PBXFileReference; explicitFileType = wrapper.framework; includeInIndex = 0; path = Pods_SampleSocial.framework; sourceTree = BUILT_PRODUCTS_DIR; };
/* End PBXFileReference section */

/* Begin PBXFrameworksBuildPhase section */
		ACE0674C1F168927007FDC15 /* Frameworks */ = {
			isa = PBXFrameworksBuildPhase;
			buildActionMask = 2147483647;
			files = (
				F5DC54553144F9E0B93699CB /* Pods_SampleSocial.framework in Frameworks */,
			);
			runOnlyForDeploymentPostprocessing = 0;
		};
/* End PBXFrameworksBuildPhase section */

/* Begin PBXGroup section */
		1385646407B254B04ED5BDFE /* Pods */ = {
			isa = PBXGroup;
			children = (
				C83F138302B0D1AA5F528459 /* Pods-SampleSocial.debug.xcconfig */,
				73A60E6B91CB24D0217A643E /* Pods-SampleSocial.release.xcconfig */,
			);
			name = Pods;
			sourceTree = "<group>";
		};
		ACD0C0BA1F18173D00408653 /* Util */ = {
			isa = PBXGroup;
			children = (
				ACD0C0C61F1D556B00408653 /* SampleSocial.entitlements */,
			);
			name = Util;
			sourceTree = "<group>";
		};
		ACD0C0D31F21510500408653 /* Services */ = {
			isa = PBXGroup;
			children = (
				ACD0C0D41F21512500408653 /* DataService.swift */,
			);
			name = Services;
			sourceTree = "<group>";
		};
		ACE067461F168927007FDC15 = {
			isa = PBXGroup;
			children = (
				ACE067511F168928007FDC15 /* SampleSocial */,
				ACE067501F168928007FDC15 /* Products */,
				ACE067691F168F6F007FDC15 /* Resources */,
				1385646407B254B04ED5BDFE /* Pods */,
				DB2021CAE016BA298553B3BA /* Frameworks */,
			);
			sourceTree = "<group>";
		};
		ACE067501F168928007FDC15 /* Products */ = {
			isa = PBXGroup;
			children = (
				ACE0674F1F168928007FDC15 /* SampleSocial.app */,
			);
			name = Products;
			sourceTree = "<group>";
		};
		ACE067511F168928007FDC15 /* SampleSocial */ = {
			isa = PBXGroup;
			children = (
				ACD0C0D31F21510500408653 /* Services */,
				ACE067681F168BAE007FDC15 /* Model */,
				ACE067671F168BA6007FDC15 /* View */,
				ACE067661F168B9E007FDC15 /* Controller */,
				ACD0C0BA1F18173D00408653 /* Util */,
			);
			path = SampleSocial;
			sourceTree = "<group>";
		};
		ACE067661F168B9E007FDC15 /* Controller */ = {
			isa = PBXGroup;
			children = (
				ACE067561F168928007FDC15 /* Main.storyboard */,
				ACE067521F168928007FDC15 /* AppDelegate.swift */,
				ACE067541F168928007FDC15 /* SignInVC.swift */,
				ACE0675B1F168928007FDC15 /* LaunchScreen.storyboard */,
				ACD0C0C71F1F947E00408653 /* FeedVC.swift */,
				ACD0C0CB1F1FB2D500408653 /* ResetPasswordVC.swift */,
			);
			name = Controller;
			sourceTree = "<group>";
		};
		ACE067671F168BA6007FDC15 /* View */ = {
			isa = PBXGroup;
			children = (
				ACE067701F18001D007FDC15 /* CircleButton.swift */,
				ACE067721F180EEC007FDC15 /* TopView.swift */,
				ACD0C0BD1F18E53E00408653 /* FacebookImageView.swift */,
				ACD0C0BF1F1CE7C100408653 /* CustomTextField.swift */,
				ACD0C0C11F1CEA0000408653 /* CustomSignIn.swift */,
				ACD0C0CD1F1FE1F800408653 /* FancyNavBar.swift */,
				ACD0C0CF1F20D7D100408653 /* CircleImageView.swift */,
				ACD0C0D11F20FD7600408653 /* PostCell.swift */,
			);
			name = View;
			sourceTree = "<group>";
		};
		ACE067681F168BAE007FDC15 /* Model */ = {
			isa = PBXGroup;
			children = (
				ACD0C0BB1F18175800408653 /* Constants.swift */,
			);
			name = Model;
			sourceTree = "<group>";
		};
		ACE067691F168F6F007FDC15 /* Resources */ = {
			isa = PBXGroup;
			children = (
				ACE0676A1F17E175007FDC15 /* Florentia-Regular.ttf */,
				ACE0676C1F17E189007FDC15 /* Florentia-Black.ttf */,
				ACE0676E1F17E1D5007FDC15 /* Florentia-Medium.ttf */,
				ACE067641F16898E007FDC15 /* GoogleService-Info.plist */,
				ACE0675E1F168928007FDC15 /* Info.plist */,
				ACE067591F168928007FDC15 /* Assets.xcassets */,
			);
			name = Resources;
			path = SampleSocial;
			sourceTree = "<group>";
		};
		DB2021CAE016BA298553B3BA /* Frameworks */ = {
			isa = PBXGroup;
			children = (
				E547664C491B526615A00E2B /* Pods_SampleSocial.framework */,
			);
			name = Frameworks;
			sourceTree = "<group>";
		};
/* End PBXGroup section */

/* Begin PBXNativeTarget section */
		ACE0674E1F168927007FDC15 /* SampleSocial */ = {
			isa = PBXNativeTarget;
			buildConfigurationList = ACE067611F168928007FDC15 /* Build configuration list for PBXNativeTarget "SampleSocial" */;
			buildPhases = (
				C851BAB27DAF4847B00D055E /* [CP] Check Pods Manifest.lock */,
				ACE0674B1F168927007FDC15 /* Sources */,
				ACE0674C1F168927007FDC15 /* Frameworks */,
				ACE0674D1F168927007FDC15 /* Resources */,
				04600E90D6C0A038B1DE2025 /* [CP] Embed Pods Frameworks */,
				5F739902ECFB91BCD1EE658C /* [CP] Copy Pods Resources */,
			);
			buildRules = (
			);
			dependencies = (
			);
			name = SampleSocial;
			productName = SampleSocial;
			productReference = ACE0674F1F168928007FDC15 /* SampleSocial.app */;
			productType = "com.apple.product-type.application";
		};
/* End PBXNativeTarget section */

/* Begin PBXProject section */
		ACE067471F168927007FDC15 /* Project object */ = {
			isa = PBXProject;
			attributes = {
				LastSwiftUpdateCheck = 0830;
				LastUpgradeCheck = 0830;
				ORGANIZATIONNAME = "Aaron Billings";
				TargetAttributes = {
					ACE0674E1F168927007FDC15 = {
						CreatedOnToolsVersion = 8.3.3;
						DevelopmentTeam = K54W26DX5J;
						ProvisioningStyle = Automatic;
						SystemCapabilities = {
							com.apple.Keychain = {
								enabled = 1;
							};
						};
					};
				};
			};
			buildConfigurationList = ACE0674A1F168927007FDC15 /* Build configuration list for PBXProject "SampleSocial" */;
			compatibilityVersion = "Xcode 3.2";
			developmentRegion = English;
			hasScannedForEncodings = 0;
			knownRegions = (
				en,
				Base,
			);
			mainGroup = ACE067461F168927007FDC15;
			productRefGroup = ACE067501F168928007FDC15 /* Products */;
			projectDirPath = "";
			projectRoot = "";
			targets = (
				ACE0674E1F168927007FDC15 /* SampleSocial */,
			);
		};
/* End PBXProject section */

/* Begin PBXResourcesBuildPhase section */
		ACE0674D1F168927007FDC15 /* Resources */ = {
			isa = PBXResourcesBuildPhase;
			buildActionMask = 2147483647;
			files = (
				ACE0676B1F17E175007FDC15 /* Florentia-Regular.ttf in Resources */,
				ACE0675D1F168928007FDC15 /* LaunchScreen.storyboard in Resources */,
				ACE0676F1F17E1D5007FDC15 /* Florentia-Medium.ttf in Resources */,
				ACE067651F16898E007FDC15 /* GoogleService-Info.plist in Resources */,
				ACE0675A1F168928007FDC15 /* Assets.xcassets in Resources */,
				ACE067581F168928007FDC15 /* Main.storyboard in Resources */,
				ACE0676D1F17E189007FDC15 /* Florentia-Black.ttf in Resources */,
			);
			runOnlyForDeploymentPostprocessing = 0;
		};
/* End PBXResourcesBuildPhase section */

/* Begin PBXShellScriptBuildPhase section */
		04600E90D6C0A038B1DE2025 /* [CP] Embed Pods Frameworks */ = {
			isa = PBXShellScriptBuildPhase;
			buildActionMask = 2147483647;
			files = (
			);
			inputPaths = (
			);
			name = "[CP] Embed Pods Frameworks";
			outputPaths = (
			);
			runOnlyForDeploymentPostprocessing = 0;
			shellPath = /bin/sh;
			shellScript = "\"${SRCROOT}/Pods/Target Support Files/Pods-SampleSocial/Pods-SampleSocial-frameworks.sh\"\n";
			showEnvVarsInLog = 0;
		};
		5F739902ECFB91BCD1EE658C /* [CP] Copy Pods Resources */ = {
			isa = PBXShellScriptBuildPhase;
			buildActionMask = 2147483647;
			files = (
			);
			inputPaths = (
			);
			name = "[CP] Copy Pods Resources";
			outputPaths = (
			);
			runOnlyForDeploymentPostprocessing = 0;
			shellPath = /bin/sh;
			shellScript = "\"${SRCROOT}/Pods/Target Support Files/Pods-SampleSocial/Pods-SampleSocial-resources.sh\"\n";
			showEnvVarsInLog = 0;
		};
		C851BAB27DAF4847B00D055E /* [CP] Check Pods Manifest.lock */ = {
			isa = PBXShellScriptBuildPhase;
			buildActionMask = 2147483647;
			files = (
			);
			inputPaths = (
			);
			name = "[CP] Check Pods Manifest.lock";
			outputPaths = (
			);
			runOnlyForDeploymentPostprocessing = 0;
			shellPath = /bin/sh;
			shellScript = "diff \"${PODS_PODFILE_DIR_PATH}/Podfile.lock\" \"${PODS_ROOT}/Manifest.lock\" > /dev/null\nif [ $? != 0 ] ; then\n    # print error to STDERR\n    echo \"error: The sandbox is not in sync with the Podfile.lock. Run 'pod install' or update your CocoaPods installation.\" >&2\n    exit 1\nfi\n";
			showEnvVarsInLog = 0;
		};
/* End PBXShellScriptBuildPhase section */

/* Begin PBXSourcesBuildPhase section */
		ACE0674B1F168927007FDC15 /* Sources */ = {
			isa = PBXSourcesBuildPhase;
			buildActionMask = 2147483647;
			files = (
				ACD0C0C81F1F947E00408653 /* FeedVC.swift in Sources */,
				ACD0C0D51F21512500408653 /* DataService.swift in Sources */,
				ACD0C0CC1F1FB2D500408653 /* ResetPasswordVC.swift in Sources */,
				ACD0C0D21F20FD7600408653 /* PostCell.swift in Sources */,
				ACD0C0C21F1CEA0000408653 /* CustomSignIn.swift in Sources */,
				ACD0C0C01F1CE7C100408653 /* CustomTextField.swift in Sources */,
				ACD0C0D01F20D7D100408653 /* CircleImageView.swift in Sources */,
				ACD0C0CE1F1FE1F800408653 /* FancyNavBar.swift in Sources */,
				ACD0C0BC1F18175800408653 /* Constants.swift in Sources */,
				ACE067711F18001D007FDC15 /* CircleButton.swift in Sources */,
				ACE067551F168928007FDC15 /* SignInVC.swift in Sources */,
				ACE067731F180EEC007FDC15 /* TopView.swift in Sources */,
				ACD0C0BE1F18E53E00408653 /* FacebookImageView.swift in Sources */,
				ACE067531F168928007FDC15 /* AppDelegate.swift in Sources */,
			);
			runOnlyForDeploymentPostprocessing = 0;
		};
/* End PBXSourcesBuildPhase section */

/* Begin PBXVariantGroup section */
		ACE067561F168928007FDC15 /* Main.storyboard */ = {
			isa = PBXVariantGroup;
			children = (
				ACE067571F168928007FDC15 /* Base */,
			);
			name = Main.storyboard;
			sourceTree = "<group>";
		};
		ACE0675B1F168928007FDC15 /* LaunchScreen.storyboard */ = {
			isa = PBXVariantGroup;
			children = (
				ACE0675C1F168928007FDC15 /* Base */,
			);
			name = LaunchScreen.storyboard;
			sourceTree = "<group>";
		};
/* End PBXVariantGroup section */

/* Begin XCBuildConfiguration section */
		ACE0675F1F168928007FDC15 /* Debug */ = {
			isa = XCBuildConfiguration;
			buildSettings = {
				ALWAYS_SEARCH_USER_PATHS = NO;
				CLANG_ANALYZER_NONNULL = YES;
				CLANG_ANALYZER_NUMBER_OBJECT_CONVERSION = YES_AGGRESSIVE;
				CLANG_CXX_LANGUAGE_STANDARD = "gnu++0x";
				CLANG_CXX_LIBRARY = "libc++";
				CLANG_ENABLE_MODULES = YES;
				CLANG_ENABLE_OBJC_ARC = YES;
				CLANG_WARN_BOOL_CONVERSION = YES;
				CLANG_WARN_CONSTANT_CONVERSION = YES;
				CLANG_WARN_DIRECT_OBJC_ISA_USAGE = YES_ERROR;
				CLANG_WARN_DOCUMENTATION_COMMENTS = YES;
				CLANG_WARN_EMPTY_BODY = YES;
				CLANG_WARN_ENUM_CONVERSION = YES;
				CLANG_WARN_INFINITE_RECURSION = YES;
				CLANG_WARN_INT_CONVERSION = YES;
				CLANG_WARN_OBJC_ROOT_CLASS = YES_ERROR;
				CLANG_WARN_SUSPICIOUS_MOVE = YES;
				CLANG_WARN_UNREACHABLE_CODE = YES;
				CLANG_WARN__DUPLICATE_METHOD_MATCH = YES;
				"CODE_SIGN_IDENTITY[sdk=iphoneos*]" = "iPhone Developer";
				COPY_PHASE_STRIP = NO;
				DEBUG_INFORMATION_FORMAT = dwarf;
				ENABLE_STRICT_OBJC_MSGSEND = YES;
				ENABLE_TESTABILITY = YES;
				GCC_C_LANGUAGE_STANDARD = gnu99;
				GCC_DYNAMIC_NO_PIC = NO;
				GCC_NO_COMMON_BLOCKS = YES;
				GCC_OPTIMIZATION_LEVEL = 0;
				GCC_PREPROCESSOR_DEFINITIONS = (
					"DEBUG=1",
					"$(inherited)",
				);
				GCC_WARN_64_TO_32_BIT_CONVERSION = YES;
				GCC_WARN_ABOUT_RETURN_TYPE = YES_ERROR;
				GCC_WARN_UNDECLARED_SELECTOR = YES;
				GCC_WARN_UNINITIALIZED_AUTOS = YES_AGGRESSIVE;
				GCC_WARN_UNUSED_FUNCTION = YES;
				GCC_WARN_UNUSED_VARIABLE = YES;
				IPHONEOS_DEPLOYMENT_TARGET = 10.3;
				MTL_ENABLE_DEBUG_INFO = YES;
				ONLY_ACTIVE_ARCH = YES;
				SDKROOT = iphoneos;
				SWIFT_ACTIVE_COMPILATION_CONDITIONS = DEBUG;
				SWIFT_OPTIMIZATION_LEVEL = "-Onone";
			};
			name = Debug;
		};
		ACE067601F168928007FDC15 /* Release */ = {
			isa = XCBuildConfiguration;
			buildSettings = {
				ALWAYS_SEARCH_USER_PATHS = NO;
				CLANG_ANALYZER_NONNULL = YES;
				CLANG_ANALYZER_NUMBER_OBJECT_CONVERSION = YES_AGGRESSIVE;
				CLANG_CXX_LANGUAGE_STANDARD = "gnu++0x";
				CLANG_CXX_LIBRARY = "libc++";
				CLANG_ENABLE_MODULES = YES;
				CLANG_ENABLE_OBJC_ARC = YES;
				CLANG_WARN_BOOL_CONVERSION = YES;
				CLANG_WARN_CONSTANT_CONVERSION = YES;
				CLANG_WARN_DIRECT_OBJC_ISA_USAGE = YES_ERROR;
				CLANG_WARN_DOCUMENTATION_COMMENTS = YES;
				CLANG_WARN_EMPTY_BODY = YES;
				CLANG_WARN_ENUM_CONVERSION = YES;
				CLANG_WARN_INFINITE_RECURSION = YES;
				CLANG_WARN_INT_CONVERSION = YES;
				CLANG_WARN_OBJC_ROOT_CLASS = YES_ERROR;
				CLANG_WARN_SUSPICIOUS_MOVE = YES;
				CLANG_WARN_UNREACHABLE_CODE = YES;
				CLANG_WARN__DUPLICATE_METHOD_MATCH = YES;
				"CODE_SIGN_IDENTITY[sdk=iphoneos*]" = "iPhone Developer";
				COPY_PHASE_STRIP = NO;
				DEBUG_INFORMATION_FORMAT = "dwarf-with-dsym";
				ENABLE_NS_ASSERTIONS = NO;
				ENABLE_STRICT_OBJC_MSGSEND = YES;
				GCC_C_LANGUAGE_STANDARD = gnu99;
				GCC_NO_COMMON_BLOCKS = YES;
				GCC_WARN_64_TO_32_BIT_CONVERSION = YES;
				GCC_WARN_ABOUT_RETURN_TYPE = YES_ERROR;
				GCC_WARN_UNDECLARED_SELECTOR = YES;
				GCC_WARN_UNINITIALIZED_AUTOS = YES_AGGRESSIVE;
				GCC_WARN_UNUSED_FUNCTION = YES;
				GCC_WARN_UNUSED_VARIABLE = YES;
				IPHONEOS_DEPLOYMENT_TARGET = 10.3;
				MTL_ENABLE_DEBUG_INFO = NO;
				SDKROOT = iphoneos;
				SWIFT_OPTIMIZATION_LEVEL = "-Owholemodule";
				VALIDATE_PRODUCT = YES;
			};
			name = Release;
		};
		ACE067621F168928007FDC15 /* Debug */ = {
			isa = XCBuildConfiguration;
			baseConfigurationReference = C83F138302B0D1AA5F528459 /* Pods-SampleSocial.debug.xcconfig */;
			buildSettings = {
				ASSETCATALOG_COMPILER_APPICON_NAME = AppIcon;
				CODE_SIGN_ENTITLEMENTS = SampleSocial/SampleSocial.entitlements;
				DEVELOPMENT_TEAM = K54W26DX5J;
				FRAMEWORK_SEARCH_PATHS = (
					"$(inherited)",
					"$(PROJECT_DIR)/SampleSocial",
				);
				INFOPLIST_FILE = SampleSocial/Info.plist;
				LD_RUNPATH_SEARCH_PATHS = "$(inherited) @executable_path/Frameworks";
				PRODUCT_BUNDLE_IDENTIFIER = ASBillings07.SampleSocial;
				PRODUCT_NAME = "$(TARGET_NAME)";
				SWIFT_VERSION = 3.0;
			};
			name = Debug;
		};
		ACE067631F168928007FDC15 /* Release */ = {
			isa = XCBuildConfiguration;
			baseConfigurationReference = 73A60E6B91CB24D0217A643E /* Pods-SampleSocial.release.xcconfig */;
			buildSettings = {
				ASSETCATALOG_COMPILER_APPICON_NAME = AppIcon;
				CODE_SIGN_ENTITLEMENTS = SampleSocial/SampleSocial.entitlements;
				DEVELOPMENT_TEAM = K54W26DX5J;
				FRAMEWORK_SEARCH_PATHS = (
					"$(inherited)",
					"$(PROJECT_DIR)/SampleSocial",
				);
				INFOPLIST_FILE = SampleSocial/Info.plist;
				LD_RUNPATH_SEARCH_PATHS = "$(inherited) @executable_path/Frameworks";
				PRODUCT_BUNDLE_IDENTIFIER = ASBillings07.SampleSocial;
				PRODUCT_NAME = "$(TARGET_NAME)";
				SWIFT_VERSION = 3.0;
			};
			name = Release;
		};
/* End XCBuildConfiguration section */

/* Begin XCConfigurationList section */
		ACE0674A1F168927007FDC15 /* Build configuration list for PBXProject "SampleSocial" */ = {
			isa = XCConfigurationList;
			buildConfigurations = (
				ACE0675F1F168928007FDC15 /* Debug */,
				ACE067601F168928007FDC15 /* Release */,
			);
			defaultConfigurationIsVisible = 0;
			defaultConfigurationName = Release;
		};
		ACE067611F168928007FDC15 /* Build configuration list for PBXNativeTarget "SampleSocial" */ = {
			isa = XCConfigurationList;
			buildConfigurations = (
				ACE067621F168928007FDC15 /* Debug */,
				ACE067631F168928007FDC15 /* Release */,
			);
			defaultConfigurationIsVisible = 0;
			defaultConfigurationName = Release;
		};
/* End XCConfigurationList section */
	};
	rootObject = ACE067471F168927007FDC15 /* Project object */;
}
